
Microsoft Visual Studio Solution File, Format Version 12.00
# Visual Studio 15
Project("{FAE04EC0-301F-11D3-BF4B-00C04F79EFBC}") = "UniqueWord", "UniqueWord\UniqueWord.csproj", "{8006DA1F-A13E-4C4F-895C-BC944F5C3EB8}"
EndProject
Project("{FAE04EC0-301F-11D3-BF4B-00C04F79EFBC}") = "UniqueWordTest", "UniqueWordTest\UniqueWordTest.csproj", "{03575F0A-21C6-4C45-AD55-8C4E9BA2DBF3}"
EndProject
Global
	GlobalSection(SolutionConfigurationPlatforms) = preSolution
		Debug|Any CPU = Debug|Any CPU
		Release|Any CPU = Release|Any CPU
	EndGlobalSection
	GlobalSection(ProjectConfigurationPlatforms) = postSolution
		{8006DA1F-A13E-4C4F-895C-BC944F5C3EB8}.Debug|Any CPU.ActiveCfg = Debug|Any CPU
		{8006DA1F-A13E-4C4F-895C-BC944F5C3EB8}.Debug|Any CPU.Build.0 = Debug|Any CPU
		{8006DA1F-A13E-4C4F-895C-BC944F5C3EB8}.Release|Any CPU.ActiveCfg = Release|Any CPU
		{8006DA1F-A13E-4C4F-895C-BC944F5C3EB8}.Release|Any CPU.Build.0 = Release|Any CPU
		{03575F0A-21C6-4C45-AD55-8C4E9BA2DBF3}.Debug|Any CPU.ActiveCfg = Debug|Any CPU
		{03575F0A-21C6-4C45-AD55-8C4E9BA2DBF3}.Debug|Any CPU.Build.0 = Debug|Any CPU
		{03575F0A-21C6-4C45-AD55-8C4E9BA2DBF3}.Release|Any CPU.ActiveCfg = Release|Any CPU
		{03575F0A-21C6-4C45-AD55-8C4E9BA2DBF3}.Release|Any CPU.Build.0 = Release|Any CPU
	EndGlobalSection
EndGlobal
